
Microsoft Visual Studio Solution File, Format Version 12.00
# Visual Studio 14
VisualStudioVersion = 14.0.25420.1
MinimumVisualStudioVersion = 10.0.40219.1
Project("{2150E333-8FDC-42A3-9474-1A3956D46DE8}") = "BLL", "BLL", "{5FD3C20F-00E4-4612-9A90-B459A111CF72}"
EndProject
Project("{2150E333-8FDC-42A3-9474-1A3956D46DE8}") = "DAL", "DAL", "{7EB7F848-5007-4D7E-A8F0-159FEFC3D476}"
EndProject
Project("{2150E333-8FDC-42A3-9474-1A3956D46DE8}") = "Common", "Common", "{6CCA77AD-5D44-4236-AF12-1E6F57144DF0}"
EndProject
Project("{2150E333-8FDC-42A3-9474-1A3956D46DE8}") = "Entities", "Entities", "{56750CEF-81B9-4D2F-9DD6-C0D8E91D9DE8}"
EndProject
Project("{2150E333-8FDC-42A3-9474-1A3956D46DE8}") = "Testing", "Testing", "{7D01806F-346D-4CB3-956E-40641BD71BE9}"
EndProject
Project("{FAE04EC0-301F-11D3-BF4B-00C04F79EFBC}") = "Icoltrans.Sigelo.Win.Vehiculos", "Sigelo.Client\Icoltrans.Sigelo.Win.Vehiculos.csproj", "{AEB02490-3B46-494B-A897-293492601D3F}"
	ProjectSection(ProjectDependencies) = postProject
		{E9CF01A7-A17B-4822-8FFB-F0152C1422B6} = {E9CF01A7-A17B-4822-8FFB-F0152C1422B6}
	EndProjectSection
EndProject
Project("{FAE04EC0-301F-11D3-BF4B-00C04F79EFBC}") = "Icoltrans.Sigelo.Data", "Icoltrans.Sigelo.Data\Icoltrans.Sigelo.Data.csproj", "{ECEAAFF7-445D-48E9-BD5E-A6A0E95AD87F}"
EndProject
Project("{FAE04EC0-301F-11D3-BF4B-00C04F79EFBC}") = "Icoltrans.Sigelo.Web.Host", "Icoltrans.Sigelo.Web.Host\Icoltrans.Sigelo.Web.Host.csproj", "{E9CF01A7-A17B-4822-8FFB-F0152C1422B6}"
EndProject
Project("{FAE04EC0-301F-11D3-BF4B-00C04F79EFBC}") = "Icoltrans.Sigelo.Rules.Vehiculos", "Icotrans.Sigelo.Rules.Vehiculos\Icoltrans.Sigelo.Rules.Vehiculos.csproj", "{69EE1A64-7384-4318-9A19-9B66025BF757}"
EndProject
Project("{FAE04EC0-301F-11D3-BF4B-00C04F79EFBC}") = "Icoltrans.Sigelo.Rules.Produccion", "Icoltrans.Sigelo.Rules.Produccion\Icoltrans.Sigelo.Rules.Produccion.csproj", "{395A589A-1B52-4087-BC98-864399BA0E88}"
EndProject
Project("{FAE04EC0-301F-11D3-BF4B-00C04F79EFBC}") = "Icoltrans.Sigelo.Rules.Nomina", "Icoltrans.Sigelo.Rules.Nomina\Icoltrans.Sigelo.Rules.Nomina.csproj", "{4655C8A5-C552-4E29-BE34-32F0018CC1B5}"
EndProject
Project("{FAE04EC0-301F-11D3-BF4B-00C04F79EFBC}") = "Icoltrans.Sigelo.Rules.Maestros", "Icoltrans.Sigelo.Rules.Maestros\Icoltrans.Sigelo.Rules.Maestros.csproj", "{171BB5E5-A151-400C-9945-C01536ED3936}"
EndProject
Project("{FAE04EC0-301F-11D3-BF4B-00C04F79EFBC}") = "Icoltrans.Sigelo.Comunes", "Icoltrans.Sigelo.Comunes\Icoltrans.Sigelo.Comunes.csproj", "{3279BA80-147C-4A5C-96F2-61BF22ADF5BC}"
EndProject
Project("{FAE04EC0-301F-11D3-BF4B-00C04F79EFBC}") = "UnitTestProject", "UnitTestProject\UnitTestProject.csproj", "{C6A60985-0A82-4952-8D99-11C02429942E}"
EndProject
Project("{FAE04EC0-301F-11D3-BF4B-00C04F79EFBC}") = "Icoltrans.Sigelo.Rules.Seguridad", "Icoltrans.Sigelo.Rules.Seguridad\Icoltrans.Sigelo.Rules.Seguridad.csproj", "{054140A7-4F65-4820-99EC-DA422AB2729D}"
EndProject
Project("{FAE04EC0-301F-11D3-BF4B-00C04F79EFBC}") = "Icoltrans.Sigelo.Rules.ComProxy", "Icoltrans.Sigelo.Rules.ComProxy\Icoltrans.Sigelo.Rules.ComProxy.csproj", "{52F43E29-E7EC-436F-B4CB-97E620EF2113}"
	ProjectSection(ProjectDependencies) = postProject
		{223DE8DD-6E4D-4316-A5B8-9C65B0AD6B66} = {223DE8DD-6E4D-4316-A5B8-9C65B0AD6B66}
		{ECEAAFF7-445D-48E9-BD5E-A6A0E95AD87F} = {ECEAAFF7-445D-48E9-BD5E-A6A0E95AD87F}
	EndProjectSection
EndProject
Project("{FAE04EC0-301F-11D3-BF4B-00C04F79EFBC}") = "Icoltrans.Sigelo.Entity.Maestros", "Icoltrans.Sigelo.Entity.Maestros\Icoltrans.Sigelo.Entity.Maestros.csproj", "{229E3DE7-DA68-4069-B6E7-2545575DE18C}"
EndProject
Project("{FAE04EC0-301F-11D3-BF4B-00C04F79EFBC}") = "Icoltrans.Sigelo.Entity.Nomina", "Icoltrans.Sigelo.Entity.Nomina\Icoltrans.Sigelo.Entity.Nomina.csproj", "{D6CB3A4E-6611-4047-8324-9D4958515B5E}"
EndProject
Project("{FAE04EC0-301F-11D3-BF4B-00C04F79EFBC}") = "Icoltrans.Sigelo.Entity.Produccion", "Icoltrans.Sigelo.Entity.Produccion\Icoltrans.Sigelo.Entity.Produccion.csproj", "{223DE8DD-6E4D-4316-A5B8-9C65B0AD6B66}"
EndProject
Project("{FAE04EC0-301F-11D3-BF4B-00C04F79EFBC}") = "Icoltrans.Sigelo.Entity.Seguridad", "Icoltrans.Sigelo.Entity.Seguridad\Icoltrans.Sigelo.Entity.Seguridad.csproj", "{45475063-788C-4F1A-855A-D75CBA835647}"
EndProject
Project("{FAE04EC0-301F-11D3-BF4B-00C04F79EFBC}") = "Icoltrans.Sigelo.Entity.Vehiculos", "Icoltrans.Sigelo.Entity.Vehiculos\Icoltrans.Sigelo.Entity.Vehiculos.csproj", "{50BD3FBB-C79F-4A7E-B5E2-40C4D1988A80}"
EndProject
Project("{FAE04EC0-301F-11D3-BF4B-00C04F79EFBC}") = "Icoltrans.Sigelo.Data.DA", "Icoltrans.Sigelo.Data.Dapper\Icoltrans.Sigelo.Data.DA.csproj", "{CB937F30-2985-4E5F-B410-AAE980E577F3}"
EndProject
Project("{FAE04EC0-301F-11D3-BF4B-00C04F79EFBC}") = "Icoltrans.Sigelo.Web.Host.Testing", "Icoltrans.Sigelo.Web.Host.Testing\Icoltrans.Sigelo.Web.Host.Testing.csproj", "{4FE88B3C-1813-4005-A01E-78EADFC5E9A4}"
EndProject
Project("{FAE04EC0-301F-11D3-BF4B-00C04F79EFBC}") = "Icoltrans.Sigelo.ControlSeguimiento", "Icoltrans.Sigelo.Seguimiento\Icoltrans.Sigelo.ControlSeguimiento.csproj", "{A7CF0092-9008-43DD-B383-CCFFA331DD20}"
EndProject
Global
	GlobalSection(SolutionConfigurationPlatforms) = preSolution
		Debug|Any CPU = Debug|Any CPU
		Debug|Mixed Platforms = Debug|Mixed Platforms
		Debug|x86 = Debug|x86
		Release|Any CPU = Release|Any CPU
		Release|Mixed Platforms = Release|Mixed Platforms
		Release|x86 = Release|x86
		x86|Any CPU = x86|Any CPU
		x86|Mixed Platforms = x86|Mixed Platforms
		x86|x86 = x86|x86
	EndGlobalSection
	GlobalSection(ProjectConfigurationPlatforms) = postSolution
		{AEB02490-3B46-494B-A897-293492601D3F}.Debug|Any CPU.ActiveCfg = Debug|x86
		{AEB02490-3B46-494B-A897-293492601D3F}.Debug|Mixed Platforms.ActiveCfg = Debug|x86
		{AEB02490-3B46-494B-A897-293492601D3F}.Debug|Mixed Platforms.Build.0 = Debug|x86
		{AEB02490-3B46-494B-A897-293492601D3F}.Debug|x86.ActiveCfg = Debug|x86
		{AEB02490-3B46-494B-A897-293492601D3F}.Debug|x86.Build.0 = Debug|x86
		{AEB02490-3B46-494B-A897-293492601D3F}.Release|Any CPU.ActiveCfg = Release|x86
		{AEB02490-3B46-494B-A897-293492601D3F}.Release|Mixed Platforms.ActiveCfg = Release|x86
		{AEB02490-3B46-494B-A897-293492601D3F}.Release|Mixed Platforms.Build.0 = Release|x86
		{AEB02490-3B46-494B-A897-293492601D3F}.Release|x86.ActiveCfg = Release|x86
		{AEB02490-3B46-494B-A897-293492601D3F}.Release|x86.Build.0 = Release|x86
		{AEB02490-3B46-494B-A897-293492601D3F}.x86|Any CPU.ActiveCfg = Release|x86
		{AEB02490-3B46-494B-A897-293492601D3F}.x86|Mixed Platforms.ActiveCfg = Release|x86
		{AEB02490-3B46-494B-A897-293492601D3F}.x86|Mixed Platforms.Build.0 = Release|x86
		{AEB02490-3B46-494B-A897-293492601D3F}.x86|x86.ActiveCfg = Release|x86
		{AEB02490-3B46-494B-A897-293492601D3F}.x86|x86.Build.0 = Release|x86
		{ECEAAFF7-445D-48E9-BD5E-A6A0E95AD87F}.Debug|Any CPU.ActiveCfg = Debug|Any CPU
		{ECEAAFF7-445D-48E9-BD5E-A6A0E95AD87F}.Debug|Any CPU.Build.0 = Debug|Any CPU
		{ECEAAFF7-445D-48E9-BD5E-A6A0E95AD87F}.Debug|Mixed Platforms.ActiveCfg = Debug|Any CPU
		{ECEAAFF7-445D-48E9-BD5E-A6A0E95AD87F}.Debug|Mixed Platforms.Build.0 = Debug|Any CPU
		{ECEAAFF7-445D-48E9-BD5E-A6A0E95AD87F}.Debug|x86.ActiveCfg = Debug|Any CPU
		{ECEAAFF7-445D-48E9-BD5E-A6A0E95AD87F}.Release|Any CPU.ActiveCfg = Release|Any CPU
		{ECEAAFF7-445D-48E9-BD5E-A6A0E95AD87F}.Release|Any CPU.Build.0 = Release|Any CPU
		{ECEAAFF7-445D-48E9-BD5E-A6A0E95AD87F}.Release|Mixed Platforms.ActiveCfg = Release|Any CPU
		{ECEAAFF7-445D-48E9-BD5E-A6A0E95AD87F}.Release|Mixed Platforms.Build.0 = Release|Any CPU
		{ECEAAFF7-445D-48E9-BD5E-A6A0E95AD87F}.Release|x86.ActiveCfg = Release|Any CPU
		{ECEAAFF7-445D-48E9-BD5E-A6A0E95AD87F}.x86|Any CPU.ActiveCfg = x86|Any CPU
		{ECEAAFF7-445D-48E9-BD5E-A6A0E95AD87F}.x86|Any CPU.Build.0 = x86|Any CPU
		{ECEAAFF7-445D-48E9-BD5E-A6A0E95AD87F}.x86|Mixed Platforms.ActiveCfg = x86|Any CPU
		{ECEAAFF7-445D-48E9-BD5E-A6A0E95AD87F}.x86|Mixed Platforms.Build.0 = x86|Any CPU
		{ECEAAFF7-445D-48E9-BD5E-A6A0E95AD87F}.x86|x86.ActiveCfg = x86|Any CPU
		{E9CF01A7-A17B-4822-8FFB-F0152C1422B6}.Debug|Any CPU.ActiveCfg = Debug|Any CPU
		{E9CF01A7-A17B-4822-8FFB-F0152C1422B6}.Debug|Any CPU.Build.0 = Debug|Any CPU
		{E9CF01A7-A17B-4822-8FFB-F0152C1422B6}.Debug|Mixed Platforms.ActiveCfg = Debug|Any CPU
		{E9CF01A7-A17B-4822-8FFB-F0152C1422B6}.Debug|Mixed Platforms.Build.0 = Debug|Any CPU
		{E9CF01A7-A17B-4822-8FFB-F0152C1422B6}.Debug|x86.ActiveCfg = Debug|Any CPU
		{E9CF01A7-A17B-4822-8FFB-F0152C1422B6}.Release|Any CPU.ActiveCfg = Release|Any CPU
		{E9CF01A7-A17B-4822-8FFB-F0152C1422B6}.Release|Any CPU.Build.0 = Release|Any CPU
		{E9CF01A7-A17B-4822-8FFB-F0152C1422B6}.Release|Mixed Platforms.ActiveCfg = Release|Any CPU
		{E9CF01A7-A17B-4822-8FFB-F0152C1422B6}.Release|Mixed Platforms.Build.0 = Release|Any CPU
		{E9CF01A7-A17B-4822-8FFB-F0152C1422B6}.Release|x86.ActiveCfg = Release|Any CPU
		{E9CF01A7-A17B-4822-8FFB-F0152C1422B6}.x86|Any CPU.ActiveCfg = x86|Any CPU
		{E9CF01A7-A17B-4822-8FFB-F0152C1422B6}.x86|Any CPU.Build.0 = x86|Any CPU
		{E9CF01A7-A17B-4822-8FFB-F0152C1422B6}.x86|Mixed Platforms.ActiveCfg = x86|Any CPU
		{E9CF01A7-A17B-4822-8FFB-F0152C1422B6}.x86|Mixed Platforms.Build.0 = x86|Any CPU
		{E9CF01A7-A17B-4822-8FFB-F0152C1422B6}.x86|x86.ActiveCfg = x86|Any CPU
		{69EE1A64-7384-4318-9A19-9B66025BF757}.Debug|Any CPU.ActiveCfg = Debug|Any CPU
		{69EE1A64-7384-4318-9A19-9B66025BF757}.Debug|Any CPU.Build.0 = Debug|Any CPU
		{69EE1A64-7384-4318-9A19-9B66025BF757}.Debug|Mixed Platforms.ActiveCfg = Debug|Any CPU
		{69EE1A64-7384-4318-9A19-9B66025BF757}.Debug|Mixed Platforms.Build.0 = Debug|Any CPU
		{69EE1A64-7384-4318-9A19-9B66025BF757}.Debug|x86.ActiveCfg = Debug|Any CPU
		{69EE1A64-7384-4318-9A19-9B66025BF757}.Release|Any CPU.ActiveCfg = Release|Any CPU
		{69EE1A64-7384-4318-9A19-9B66025BF757}.Release|Any CPU.Build.0 = Release|Any CPU
		{69EE1A64-7384-4318-9A19-9B66025BF757}.Release|Mixed Platforms.ActiveCfg = Release|Any CPU
		{69EE1A64-7384-4318-9A19-9B66025BF757}.Release|Mixed Platforms.Build.0 = Release|Any CPU
		{69EE1A64-7384-4318-9A19-9B66025BF757}.Release|x86.ActiveCfg = Release|Any CPU
		{69EE1A64-7384-4318-9A19-9B66025BF757}.x86|Any CPU.ActiveCfg = x86|Any CPU
		{69EE1A64-7384-4318-9A19-9B66025BF757}.x86|Any CPU.Build.0 = x86|Any CPU
		{69EE1A64-7384-4318-9A19-9B66025BF757}.x86|Mixed Platforms.ActiveCfg = x86|x86
		{69EE1A64-7384-4318-9A19-9B66025BF757}.x86|Mixed Platforms.Build.0 = x86|x86
		{69EE1A64-7384-4318-9A19-9B66025BF757}.x86|x86.ActiveCfg = x86|x86
		{69EE1A64-7384-4318-9A19-9B66025BF757}.x86|x86.Build.0 = x86|x86
		{395A589A-1B52-4087-BC98-864399BA0E88}.Debug|Any CPU.ActiveCfg = Debug|Any CPU
		{395A589A-1B52-4087-BC98-864399BA0E88}.Debug|Any CPU.Build.0 = Debug|Any CPU
		{395A589A-1B52-4087-BC98-864399BA0E88}.Debug|Mixed Platforms.ActiveCfg = Debug|Any CPU
		{395A589A-1B52-4087-BC98-864399BA0E88}.Debug|Mixed Platforms.Build.0 = Debug|Any CPU
		{395A589A-1B52-4087-BC98-864399BA0E88}.Debug|x86.ActiveCfg = Debug|Any CPU
		{395A589A-1B52-4087-BC98-864399BA0E88}.Release|Any CPU.ActiveCfg = Release|Any CPU
		{395A589A-1B52-4087-BC98-864399BA0E88}.Release|Any CPU.Build.0 = Release|Any CPU
		{395A589A-1B52-4087-BC98-864399BA0E88}.Release|Mixed Platforms.ActiveCfg = Release|Any CPU
		{395A589A-1B52-4087-BC98-864399BA0E88}.Release|Mixed Platforms.Build.0 = Release|Any CPU
		{395A589A-1B52-4087-BC98-864399BA0E88}.Release|x86.ActiveCfg = Release|Any CPU
		{395A589A-1B52-4087-BC98-864399BA0E88}.x86|Any CPU.ActiveCfg = x86|Any CPU
		{395A589A-1B52-4087-BC98-864399BA0E88}.x86|Any CPU.Build.0 = x86|Any CPU
		{395A589A-1B52-4087-BC98-864399BA0E88}.x86|Mixed Platforms.ActiveCfg = x86|Any CPU
		{395A589A-1B52-4087-BC98-864399BA0E88}.x86|Mixed Platforms.Build.0 = x86|Any CPU
		{395A589A-1B52-4087-BC98-864399BA0E88}.x86|x86.ActiveCfg = x86|Any CPU
		{4655C8A5-C552-4E29-BE34-32F0018CC1B5}.Debug|Any CPU.ActiveCfg = Debug|Any CPU
		{4655C8A5-C552-4E29-BE34-32F0018CC1B5}.Debug|Any CPU.Build.0 = Debug|Any CPU
		{4655C8A5-C552-4E29-BE34-32F0018CC1B5}.Debug|Mixed Platforms.ActiveCfg = Debug|Any CPU
		{4655C8A5-C552-4E29-BE34-32F0018CC1B5}.Debug|Mixed Platforms.Build.0 = Debug|Any CPU
		{4655C8A5-C552-4E29-BE34-32F0018CC1B5}.Debug|x86.ActiveCfg = Debug|Any CPU
		{4655C8A5-C552-4E29-BE34-32F0018CC1B5}.Release|Any CPU.ActiveCfg = Release|Any CPU
		{4655C8A5-C552-4E29-BE34-32F0018CC1B5}.Release|Any CPU.Build.0 = Release|Any CPU
		{4655C8A5-C552-4E29-BE34-32F0018CC1B5}.Release|Mixed Platforms.ActiveCfg = Release|Any CPU
		{4655C8A5-C552-4E29-BE34-32F0018CC1B5}.Release|Mixed Platforms.Build.0 = Release|Any CPU
		{4655C8A5-C552-4E29-BE34-32F0018CC1B5}.Release|x86.ActiveCfg = Release|Any CPU
		{4655C8A5-C552-4E29-BE34-32F0018CC1B5}.x86|Any CPU.ActiveCfg = x86|Any CPU
		{4655C8A5-C552-4E29-BE34-32F0018CC1B5}.x86|Any CPU.Build.0 = x86|Any CPU
		{4655C8A5-C552-4E29-BE34-32F0018CC1B5}.x86|Mixed Platforms.ActiveCfg = x86|Any CPU
		{4655C8A5-C552-4E29-BE34-32F0018CC1B5}.x86|Mixed Platforms.Build.0 = x86|Any CPU
		{4655C8A5-C552-4E29-BE34-32F0018CC1B5}.x86|x86.ActiveCfg = x86|Any CPU
		{171BB5E5-A151-400C-9945-C01536ED3936}.Debug|Any CPU.ActiveCfg = Debug|Any CPU
		{171BB5E5-A151-400C-9945-C01536ED3936}.Debug|Any CPU.Build.0 = Debug|Any CPU
		{171BB5E5-A151-400C-9945-C01536ED3936}.Debug|Mixed Platforms.ActiveCfg = Debug|Any CPU
		{171BB5E5-A151-400C-9945-C01536ED3936}.Debug|Mixed Platforms.Build.0 = Debug|Any CPU
		{171BB5E5-A151-400C-9945-C01536ED3936}.Debug|x86.ActiveCfg = Debug|Any CPU
		{171BB5E5-A151-400C-9945-C01536ED3936}.Release|Any CPU.ActiveCfg = Release|Any CPU
		{171BB5E5-A151-400C-9945-C01536ED3936}.Release|Any CPU.Build.0 = Release|Any CPU
		{171BB5E5-A151-400C-9945-C01536ED3936}.Release|Mixed Platforms.ActiveCfg = Release|Any CPU
		{171BB5E5-A151-400C-9945-C01536ED3936}.Release|Mixed Platforms.Build.0 = Release|Any CPU
		{171BB5E5-A151-400C-9945-C01536ED3936}.Release|x86.ActiveCfg = Release|Any CPU
		{171BB5E5-A151-400C-9945-C01536ED3936}.x86|Any CPU.ActiveCfg = x86|Any CPU
		{171BB5E5-A151-400C-9945-C01536ED3936}.x86|Any CPU.Build.0 = x86|Any CPU
		{171BB5E5-A151-400C-9945-C01536ED3936}.x86|Mixed Platforms.ActiveCfg = x86|Any CPU
		{171BB5E5-A151-400C-9945-C01536ED3936}.x86|Mixed Platforms.Build.0 = x86|Any CPU
		{171BB5E5-A151-400C-9945-C01536ED3936}.x86|x86.ActiveCfg = x86|Any CPU
		{3279BA80-147C-4A5C-96F2-61BF22ADF5BC}.Debug|Any CPU.ActiveCfg = Debug|Any CPU
		{3279BA80-147C-4A5C-96F2-61BF22ADF5BC}.Debug|Any CPU.Build.0 = Debug|Any CPU
		{3279BA80-147C-4A5C-96F2-61BF22ADF5BC}.Debug|Mixed Platforms.ActiveCfg = Debug|Any CPU
		{3279BA80-147C-4A5C-96F2-61BF22ADF5BC}.Debug|Mixed Platforms.Build.0 = Debug|Any CPU
		{3279BA80-147C-4A5C-96F2-61BF22ADF5BC}.Debug|x86.ActiveCfg = Debug|Any CPU
		{3279BA80-147C-4A5C-96F2-61BF22ADF5BC}.Release|Any CPU.ActiveCfg = Release|Any CPU
		{3279BA80-147C-4A5C-96F2-61BF22ADF5BC}.Release|Any CPU.Build.0 = Release|Any CPU
		{3279BA80-147C-4A5C-96F2-61BF22ADF5BC}.Release|Mixed Platforms.ActiveCfg = Release|Any CPU
		{3279BA80-147C-4A5C-96F2-61BF22ADF5BC}.Release|Mixed Platforms.Build.0 = Release|Any CPU
		{3279BA80-147C-4A5C-96F2-61BF22ADF5BC}.Release|x86.ActiveCfg = Release|Any CPU
		{3279BA80-147C-4A5C-96F2-61BF22ADF5BC}.x86|Any CPU.ActiveCfg = Release|Any CPU
		{3279BA80-147C-4A5C-96F2-61BF22ADF5BC}.x86|Any CPU.Build.0 = Release|Any CPU
		{3279BA80-147C-4A5C-96F2-61BF22ADF5BC}.x86|Mixed Platforms.ActiveCfg = Release|Any CPU
		{3279BA80-147C-4A5C-96F2-61BF22ADF5BC}.x86|Mixed Platforms.Build.0 = Release|Any CPU
		{3279BA80-147C-4A5C-96F2-61BF22ADF5BC}.x86|x86.ActiveCfg = Release|Any CPU
		{C6A60985-0A82-4952-8D99-11C02429942E}.Debug|Any CPU.ActiveCfg = Debug|Any CPU
		{C6A60985-0A82-4952-8D99-11C02429942E}.Debug|Any CPU.Build.0 = Debug|Any CPU
		{C6A60985-0A82-4952-8D99-11C02429942E}.Debug|Mixed Platforms.ActiveCfg = Debug|Any CPU
		{C6A60985-0A82-4952-8D99-11C02429942E}.Debug|Mixed Platforms.Build.0 = Debug|Any CPU
		{C6A60985-0A82-4952-8D99-11C02429942E}.Debug|x86.ActiveCfg = Debug|Any CPU
		{C6A60985-0A82-4952-8D99-11C02429942E}.Release|Any CPU.ActiveCfg = Release|Any CPU
		{C6A60985-0A82-4952-8D99-11C02429942E}.Release|Any CPU.Build.0 = Release|Any CPU
		{C6A60985-0A82-4952-8D99-11C02429942E}.Release|Mixed Platforms.ActiveCfg = Release|Any CPU
		{C6A60985-0A82-4952-8D99-11C02429942E}.Release|Mixed Platforms.Build.0 = Release|Any CPU
		{C6A60985-0A82-4952-8D99-11C02429942E}.Release|x86.ActiveCfg = Release|Any CPU
		{C6A60985-0A82-4952-8D99-11C02429942E}.x86|Any CPU.ActiveCfg = Release|Any CPU
		{C6A60985-0A82-4952-8D99-11C02429942E}.x86|Any CPU.Build.0 = Release|Any CPU
		{C6A60985-0A82-4952-8D99-11C02429942E}.x86|Mixed Platforms.ActiveCfg = Release|Any CPU
		{C6A60985-0A82-4952-8D99-11C02429942E}.x86|Mixed Platforms.Build.0 = Release|Any CPU
		{C6A60985-0A82-4952-8D99-11C02429942E}.x86|x86.ActiveCfg = Release|Any CPU
		{054140A7-4F65-4820-99EC-DA422AB2729D}.Debug|Any CPU.ActiveCfg = Debug|Any CPU
		{054140A7-4F65-4820-99EC-DA422AB2729D}.Debug|Any CPU.Build.0 = Debug|Any CPU
		{054140A7-4F65-4820-99EC-DA422AB2729D}.Debug|Mixed Platforms.ActiveCfg = Debug|Any CPU
		{054140A7-4F65-4820-99EC-DA422AB2729D}.Debug|Mixed Platforms.Build.0 = Debug|Any CPU
		{054140A7-4F65-4820-99EC-DA422AB2729D}.Debug|x86.ActiveCfg = Debug|Any CPU
		{054140A7-4F65-4820-99EC-DA422AB2729D}.Release|Any CPU.ActiveCfg = Release|Any CPU
		{054140A7-4F65-4820-99EC-DA422AB2729D}.Release|Any CPU.Build.0 = Release|Any CPU
		{054140A7-4F65-4820-99EC-DA422AB2729D}.Release|Mixed Platforms.ActiveCfg = Release|Any CPU
		{054140A7-4F65-4820-99EC-DA422AB2729D}.Release|Mixed Platforms.Build.0 = Release|Any CPU
		{054140A7-4F65-4820-99EC-DA422AB2729D}.Release|x86.ActiveCfg = Release|Any CPU
		{054140A7-4F65-4820-99EC-DA422AB2729D}.x86|Any CPU.ActiveCfg = Release|Any CPU
		{054140A7-4F65-4820-99EC-DA422AB2729D}.x86|Any CPU.Build.0 = Release|Any CPU
		{054140A7-4F65-4820-99EC-DA422AB2729D}.x86|Mixed Platforms.ActiveCfg = Release|Any CPU
		{054140A7-4F65-4820-99EC-DA422AB2729D}.x86|Mixed Platforms.Build.0 = Release|Any CPU
		{054140A7-4F65-4820-99EC-DA422AB2729D}.x86|x86.ActiveCfg = Release|Any CPU
		{52F43E29-E7EC-436F-B4CB-97E620EF2113}.Debug|Any CPU.ActiveCfg = Debug|Any CPU
		{52F43E29-E7EC-436F-B4CB-97E620EF2113}.Debug|Any CPU.Build.0 = Debug|Any CPU
		{52F43E29-E7EC-436F-B4CB-97E620EF2113}.Debug|Mixed Platforms.ActiveCfg = Debug|Any CPU
		{52F43E29-E7EC-436F-B4CB-97E620EF2113}.Debug|Mixed Platforms.Build.0 = Debug|Any CPU
		{52F43E29-E7EC-436F-B4CB-97E620EF2113}.Debug|x86.ActiveCfg = Debug|Any CPU
		{52F43E29-E7EC-436F-B4CB-97E620EF2113}.Release|Any CPU.ActiveCfg = Release|Any CPU
		{52F43E29-E7EC-436F-B4CB-97E620EF2113}.Release|Any CPU.Build.0 = Release|Any CPU
		{52F43E29-E7EC-436F-B4CB-97E620EF2113}.Release|Mixed Platforms.ActiveCfg = Release|Any CPU
		{52F43E29-E7EC-436F-B4CB-97E620EF2113}.Release|Mixed Platforms.Build.0 = Release|Any CPU
		{52F43E29-E7EC-436F-B4CB-97E620EF2113}.Release|x86.ActiveCfg = Release|Any CPU
		{52F43E29-E7EC-436F-B4CB-97E620EF2113}.x86|Any CPU.ActiveCfg = Release|Any CPU
		{52F43E29-E7EC-436F-B4CB-97E620EF2113}.x86|Any CPU.Build.0 = Release|Any CPU
		{52F43E29-E7EC-436F-B4CB-97E620EF2113}.x86|Mixed Platforms.ActiveCfg = Release|Any CPU
		{52F43E29-E7EC-436F-B4CB-97E620EF2113}.x86|Mixed Platforms.Build.0 = Release|Any CPU
		{52F43E29-E7EC-436F-B4CB-97E620EF2113}.x86|x86.ActiveCfg = Release|Any CPU
		{229E3DE7-DA68-4069-B6E7-2545575DE18C}.Debug|Any CPU.ActiveCfg = Debug|Any CPU
		{229E3DE7-DA68-4069-B6E7-2545575DE18C}.Debug|Any CPU.Build.0 = Debug|Any CPU
		{229E3DE7-DA68-4069-B6E7-2545575DE18C}.Debug|Mixed Platforms.ActiveCfg = Debug|Any CPU
		{229E3DE7-DA68-4069-B6E7-2545575DE18C}.Debug|Mixed Platforms.Build.0 = Debug|Any CPU
		{229E3DE7-DA68-4069-B6E7-2545575DE18C}.Debug|x86.ActiveCfg = Debug|Any CPU
		{229E3DE7-DA68-4069-B6E7-2545575DE18C}.Release|Any CPU.ActiveCfg = Release|Any CPU
		{229E3DE7-DA68-4069-B6E7-2545575DE18C}.Release|Any CPU.Build.0 = Release|Any CPU
		{229E3DE7-DA68-4069-B6E7-2545575DE18C}.Release|Mixed Platforms.ActiveCfg = Release|Any CPU
		{229E3DE7-DA68-4069-B6E7-2545575DE18C}.Release|Mixed Platforms.Build.0 = Release|Any CPU
		{229E3DE7-DA68-4069-B6E7-2545575DE18C}.Release|x86.ActiveCfg = Release|Any CPU
		{229E3DE7-DA68-4069-B6E7-2545575DE18C}.x86|Any CPU.ActiveCfg = Release|Any CPU
		{229E3DE7-DA68-4069-B6E7-2545575DE18C}.x86|Any CPU.Build.0 = Release|Any CPU
		{229E3DE7-DA68-4069-B6E7-2545575DE18C}.x86|Mixed Platforms.ActiveCfg = Release|Any CPU
		{229E3DE7-DA68-4069-B6E7-2545575DE18C}.x86|Mixed Platforms.Build.0 = Release|Any CPU
		{229E3DE7-DA68-4069-B6E7-2545575DE18C}.x86|x86.ActiveCfg = Release|Any CPU
		{D6CB3A4E-6611-4047-8324-9D4958515B5E}.Debug|Any CPU.ActiveCfg = Debug|Any CPU
		{D6CB3A4E-6611-4047-8324-9D4958515B5E}.Debug|Any CPU.Build.0 = Debug|Any CPU
		{D6CB3A4E-6611-4047-8324-9D4958515B5E}.Debug|Mixed Platforms.ActiveCfg = Debug|Any CPU
		{D6CB3A4E-6611-4047-8324-9D4958515B5E}.Debug|Mixed Platforms.Build.0 = Debug|Any CPU
		{D6CB3A4E-6611-4047-8324-9D4958515B5E}.Debug|x86.ActiveCfg = Debug|Any CPU
		{D6CB3A4E-6611-4047-8324-9D4958515B5E}.Release|Any CPU.ActiveCfg = Release|Any CPU
		{D6CB3A4E-6611-4047-8324-9D4958515B5E}.Release|Any CPU.Build.0 = Release|Any CPU
		{D6CB3A4E-6611-4047-8324-9D4958515B5E}.Release|Mixed Platforms.ActiveCfg = Release|Any CPU
		{D6CB3A4E-6611-4047-8324-9D4958515B5E}.Release|Mixed Platforms.Build.0 = Release|Any CPU
		{D6CB3A4E-6611-4047-8324-9D4958515B5E}.Release|x86.ActiveCfg = Release|Any CPU
		{D6CB3A4E-6611-4047-8324-9D4958515B5E}.x86|Any CPU.ActiveCfg = Release|Any CPU
		{D6CB3A4E-6611-4047-8324-9D4958515B5E}.x86|Any CPU.Build.0 = Release|Any CPU
		{D6CB3A4E-6611-4047-8324-9D4958515B5E}.x86|Mixed Platforms.ActiveCfg = Release|Any CPU
		{D6CB3A4E-6611-4047-8324-9D4958515B5E}.x86|Mixed Platforms.Build.0 = Release|Any CPU
		{D6CB3A4E-6611-4047-8324-9D4958515B5E}.x86|x86.ActiveCfg = Release|Any CPU
		{223DE8DD-6E4D-4316-A5B8-9C65B0AD6B66}.Debug|Any CPU.ActiveCfg = Debug|Any CPU
		{223DE8DD-6E4D-4316-A5B8-9C65B0AD6B66}.Debug|Any CPU.Build.0 = Debug|Any CPU
		{223DE8DD-6E4D-4316-A5B8-9C65B0AD6B66}.Debug|Mixed Platforms.ActiveCfg = Debug|Any CPU
		{223DE8DD-6E4D-4316-A5B8-9C65B0AD6B66}.Debug|Mixed Platforms.Build.0 = Debug|Any CPU
		{223DE8DD-6E4D-4316-A5B8-9C65B0AD6B66}.Debug|x86.ActiveCfg = Debug|Any CPU
		{223DE8DD-6E4D-4316-A5B8-9C65B0AD6B66}.Release|Any CPU.ActiveCfg = Release|Any CPU
		{223DE8DD-6E4D-4316-A5B8-9C65B0AD6B66}.Release|Any CPU.Build.0 = Release|Any CPU
		{223DE8DD-6E4D-4316-A5B8-9C65B0AD6B66}.Release|Mixed Platforms.ActiveCfg = Release|Any CPU
		{223DE8DD-6E4D-4316-A5B8-9C65B0AD6B66}.Release|Mixed Platforms.Build.0 = Release|Any CPU
		{223DE8DD-6E4D-4316-A5B8-9C65B0AD6B66}.Release|x86.ActiveCfg = Release|Any CPU
		{223DE8DD-6E4D-4316-A5B8-9C65B0AD6B66}.x86|Any CPU.ActiveCfg = Release|Any CPU
		{223DE8DD-6E4D-4316-A5B8-9C65B0AD6B66}.x86|Any CPU.Build.0 = Release|Any CPU
		{223DE8DD-6E4D-4316-A5B8-9C65B0AD6B66}.x86|Mixed Platforms.ActiveCfg = Release|Any CPU
		{223DE8DD-6E4D-4316-A5B8-9C65B0AD6B66}.x86|Mixed Platforms.Build.0 = Release|Any CPU
		{223DE8DD-6E4D-4316-A5B8-9C65B0AD6B66}.x86|x86.ActiveCfg = Release|Any CPU
		{45475063-788C-4F1A-855A-D75CBA835647}.Debug|Any CPU.ActiveCfg = Debug|Any CPU
		{45475063-788C-4F1A-855A-D75CBA835647}.Debug|Any CPU.Build.0 = Debug|Any CPU
		{45475063-788C-4F1A-855A-D75CBA835647}.Debug|Mixed Platforms.ActiveCfg = Debug|Any CPU
		{45475063-788C-4F1A-855A-D75CBA835647}.Debug|Mixed Platforms.Build.0 = Debug|Any CPU
		{45475063-788C-4F1A-855A-D75CBA835647}.Debug|x86.ActiveCfg = Debug|Any CPU
		{45475063-788C-4F1A-855A-D75CBA835647}.Release|Any CPU.ActiveCfg = Release|Any CPU
		{45475063-788C-4F1A-855A-D75CBA835647}.Release|Any CPU.Build.0 = Release|Any CPU
		{45475063-788C-4F1A-855A-D75CBA835647}.Release|Mixed Platforms.ActiveCfg = Release|Any CPU
		{45475063-788C-4F1A-855A-D75CBA835647}.Release|Mixed Platforms.Build.0 = Release|Any CPU
		{45475063-788C-4F1A-855A-D75CBA835647}.Release|x86.ActiveCfg = Release|Any CPU
		{45475063-788C-4F1A-855A-D75CBA835647}.x86|Any CPU.ActiveCfg = Release|Any CPU
		{45475063-788C-4F1A-855A-D75CBA835647}.x86|Any CPU.Build.0 = Release|Any CPU
		{45475063-788C-4F1A-855A-D75CBA835647}.x86|Mixed Platforms.ActiveCfg = Release|Any CPU
		{45475063-788C-4F1A-855A-D75CBA835647}.x86|Mixed Platforms.Build.0 = Release|Any CPU
		{45475063-788C-4F1A-855A-D75CBA835647}.x86|x86.ActiveCfg = Release|Any CPU
		{50BD3FBB-C79F-4A7E-B5E2-40C4D1988A80}.Debug|Any CPU.ActiveCfg = Debug|Any CPU
		{50BD3FBB-C79F-4A7E-B5E2-40C4D1988A80}.Debug|Any CPU.Build.0 = Debug|Any CPU
		{50BD3FBB-C79F-4A7E-B5E2-40C4D1988A80}.Debug|Mixed Platforms.ActiveCfg = Debug|Any CPU
		{50BD3FBB-C79F-4A7E-B5E2-40C4D1988A80}.Debug|Mixed Platforms.Build.0 = Debug|Any CPU
		{50BD3FBB-C79F-4A7E-B5E2-40C4D1988A80}.Debug|x86.ActiveCfg = Debug|Any CPU
		{50BD3FBB-C79F-4A7E-B5E2-40C4D1988A80}.Release|Any CPU.ActiveCfg = Release|Any CPU
		{50BD3FBB-C79F-4A7E-B5E2-40C4D1988A80}.Release|Any CPU.Build.0 = Release|Any CPU
		{50BD3FBB-C79F-4A7E-B5E2-40C4D1988A80}.Release|Mixed Platforms.ActiveCfg = Release|Any CPU
		{50BD3FBB-C79F-4A7E-B5E2-40C4D1988A80}.Release|Mixed Platforms.Build.0 = Release|Any CPU
		{50BD3FBB-C79F-4A7E-B5E2-40C4D1988A80}.Release|x86.ActiveCfg = Release|Any CPU
		{50BD3FBB-C79F-4A7E-B5E2-40C4D1988A80}.x86|Any CPU.ActiveCfg = Release|Any CPU
		{50BD3FBB-C79F-4A7E-B5E2-40C4D1988A80}.x86|Any CPU.Build.0 = Release|Any CPU
		{50BD3FBB-C79F-4A7E-B5E2-40C4D1988A80}.x86|Mixed Platforms.ActiveCfg = Release|Any CPU
		{50BD3FBB-C79F-4A7E-B5E2-40C4D1988A80}.x86|Mixed Platforms.Build.0 = Release|Any CPU
		{50BD3FBB-C79F-4A7E-B5E2-40C4D1988A80}.x86|x86.ActiveCfg = Release|Any CPU
		{CB937F30-2985-4E5F-B410-AAE980E577F3}.Debug|Any CPU.ActiveCfg = Debug|Any CPU
		{CB937F30-2985-4E5F-B410-AAE980E577F3}.Debug|Any CPU.Build.0 = Debug|Any CPU
		{CB937F30-2985-4E5F-B410-AAE980E577F3}.Debug|Mixed Platforms.ActiveCfg = Debug|Any CPU
		{CB937F30-2985-4E5F-B410-AAE980E577F3}.Debug|Mixed Platforms.Build.0 = Debug|Any CPU
		{CB937F30-2985-4E5F-B410-AAE980E577F3}.Debug|x86.ActiveCfg = Debug|Any CPU
		{CB937F30-2985-4E5F-B410-AAE980E577F3}.Release|Any CPU.ActiveCfg = Release|Any CPU
		{CB937F30-2985-4E5F-B410-AAE980E577F3}.Release|Any CPU.Build.0 = Release|Any CPU
		{CB937F30-2985-4E5F-B410-AAE980E577F3}.Release|Mixed Platforms.ActiveCfg = Release|Any CPU
		{CB937F30-2985-4E5F-B410-AAE980E577F3}.Release|Mixed Platforms.Build.0 = Release|Any CPU
		{CB937F30-2985-4E5F-B410-AAE980E577F3}.Release|x86.ActiveCfg = Release|Any CPU
		{CB937F30-2985-4E5F-B410-AAE980E577F3}.x86|Any CPU.ActiveCfg = Release|Any CPU
		{CB937F30-2985-4E5F-B410-AAE980E577F3}.x86|Any CPU.Build.0 = Release|Any CPU
		{CB937F30-2985-4E5F-B410-AAE980E577F3}.x86|Mixed Platforms.ActiveCfg = Release|Any CPU
		{CB937F30-2985-4E5F-B410-AAE980E577F3}.x86|Mixed Platforms.Build.0 = Release|Any CPU
		{CB937F30-2985-4E5F-B410-AAE980E577F3}.x86|x86.ActiveCfg = Release|Any CPU
		{4FE88B3C-1813-4005-A01E-78EADFC5E9A4}.Debug|Any CPU.ActiveCfg = Debug|Any CPU
		{4FE88B3C-1813-4005-A01E-78EADFC5E9A4}.Debug|Any CPU.Build.0 = Debug|Any CPU
		{4FE88B3C-1813-4005-A01E-78EADFC5E9A4}.Debug|Mixed Platforms.ActiveCfg = Debug|Any CPU
		{4FE88B3C-1813-4005-A01E-78EADFC5E9A4}.Debug|Mixed Platforms.Build.0 = Debug|Any CPU
		{4FE88B3C-1813-4005-A01E-78EADFC5E9A4}.Debug|x86.ActiveCfg = Debug|Any CPU
		{4FE88B3C-1813-4005-A01E-78EADFC5E9A4}.Release|Any CPU.ActiveCfg = Release|Any CPU
		{4FE88B3C-1813-4005-A01E-78EADFC5E9A4}.Release|Any CPU.Build.0 = Release|Any CPU
		{4FE88B3C-1813-4005-A01E-78EADFC5E9A4}.Release|Mixed Platforms.ActiveCfg = Release|Any CPU
		{4FE88B3C-1813-4005-A01E-78EADFC5E9A4}.Release|Mixed Platforms.Build.0 = Release|Any CPU
		{4FE88B3C-1813-4005-A01E-78EADFC5E9A4}.Release|x86.ActiveCfg = Release|Any CPU
		{4FE88B3C-1813-4005-A01E-78EADFC5E9A4}.x86|Any CPU.ActiveCfg = Release|Any CPU
		{4FE88B3C-1813-4005-A01E-78EADFC5E9A4}.x86|Any CPU.Build.0 = Release|Any CPU
		{4FE88B3C-1813-4005-A01E-78EADFC5E9A4}.x86|Mixed Platforms.ActiveCfg = Release|Any CPU
		{4FE88B3C-1813-4005-A01E-78EADFC5E9A4}.x86|Mixed Platforms.Build.0 = Release|Any CPU
		{4FE88B3C-1813-4005-A01E-78EADFC5E9A4}.x86|x86.ActiveCfg = Release|Any CPU
		{A7CF0092-9008-43DD-B383-CCFFA331DD20}.Debug|Any CPU.ActiveCfg = Debug|Any CPU
		{A7CF0092-9008-43DD-B383-CCFFA331DD20}.Debug|Any CPU.Build.0 = Debug|Any CPU
		{A7CF0092-9008-43DD-B383-CCFFA331DD20}.Debug|Mixed Platforms.ActiveCfg = Debug|Any CPU
		{A7CF0092-9008-43DD-B383-CCFFA331DD20}.Debug|Mixed Platforms.Build.0 = Debug|Any CPU
		{A7CF0092-9008-43DD-B383-CCFFA331DD20}.Debug|x86.ActiveCfg = Debug|Any CPU
		{A7CF0092-9008-43DD-B383-CCFFA331DD20}.Debug|x86.Build.0 = Debug|Any CPU
		{A7CF0092-9008-43DD-B383-CCFFA331DD20}.Release|Any CPU.ActiveCfg = Release|Any CPU
		{A7CF0092-9008-43DD-B383-CCFFA331DD20}.Release|Any CPU.Build.0 = Release|Any CPU
		{A7CF0092-9008-43DD-B383-CCFFA331DD20}.Release|Mixed Platforms.ActiveCfg = Release|Any CPU
		{A7CF0092-9008-43DD-B383-CCFFA331DD20}.Release|Mixed Platforms.Build.0 = Release|Any CPU
		{A7CF0092-9008-43DD-B383-CCFFA331DD20}.Release|x86.ActiveCfg = Release|Any CPU
		{A7CF0092-9008-43DD-B383-CCFFA331DD20}.Release|x86.Build.0 = Release|Any CPU
		{A7CF0092-9008-43DD-B383-CCFFA331DD20}.x86|Any CPU.ActiveCfg = Release|Any CPU
		{A7CF0092-9008-43DD-B383-CCFFA331DD20}.x86|Any CPU.Build.0 = Release|Any CPU
		{A7CF0092-9008-43DD-B383-CCFFA331DD20}.x86|Mixed Platforms.ActiveCfg = Release|Any CPU
		{A7CF0092-9008-43DD-B383-CCFFA331DD20}.x86|Mixed Platforms.Build.0 = Release|Any CPU
		{A7CF0092-9008-43DD-B383-CCFFA331DD20}.x86|x86.ActiveCfg = Release|Any CPU
		{A7CF0092-9008-43DD-B383-CCFFA331DD20}.x86|x86.Build.0 = Release|Any CPU
	EndGlobalSection
	GlobalSection(SolutionProperties) = preSolution
		HideSolutionNode = FALSE
	EndGlobalSection
	GlobalSection(NestedProjects) = preSolution
		{ECEAAFF7-445D-48E9-BD5E-A6A0E95AD87F} = {7EB7F848-5007-4D7E-A8F0-159FEFC3D476}
		{69EE1A64-7384-4318-9A19-9B66025BF757} = {5FD3C20F-00E4-4612-9A90-B459A111CF72}
		{395A589A-1B52-4087-BC98-864399BA0E88} = {5FD3C20F-00E4-4612-9A90-B459A111CF72}
		{4655C8A5-C552-4E29-BE34-32F0018CC1B5} = {5FD3C20F-00E4-4612-9A90-B459A111CF72}
		{171BB5E5-A151-400C-9945-C01536ED3936} = {5FD3C20F-00E4-4612-9A90-B459A111CF72}
		{3279BA80-147C-4A5C-96F2-61BF22ADF5BC} = {6CCA77AD-5D44-4236-AF12-1E6F57144DF0}
		{054140A7-4F65-4820-99EC-DA422AB2729D} = {5FD3C20F-00E4-4612-9A90-B459A111CF72}
		{52F43E29-E7EC-436F-B4CB-97E620EF2113} = {5FD3C20F-00E4-4612-9A90-B459A111CF72}
		{229E3DE7-DA68-4069-B6E7-2545575DE18C} = {56750CEF-81B9-4D2F-9DD6-C0D8E91D9DE8}
		{D6CB3A4E-6611-4047-8324-9D4958515B5E} = {56750CEF-81B9-4D2F-9DD6-C0D8E91D9DE8}
		{223DE8DD-6E4D-4316-A5B8-9C65B0AD6B66} = {56750CEF-81B9-4D2F-9DD6-C0D8E91D9DE8}
		{45475063-788C-4F1A-855A-D75CBA835647} = {56750CEF-81B9-4D2F-9DD6-C0D8E91D9DE8}
		{50BD3FBB-C79F-4A7E-B5E2-40C4D1988A80} = {56750CEF-81B9-4D2F-9DD6-C0D8E91D9DE8}
		{CB937F30-2985-4E5F-B410-AAE980E577F3} = {7EB7F848-5007-4D7E-A8F0-159FEFC3D476}
		{4FE88B3C-1813-4005-A01E-78EADFC5E9A4} = {7D01806F-346D-4CB3-956E-40641BD71BE9}
	EndGlobalSection
EndGlobal
